
Microsoft Visual Studio Solution File, Format Version 12.00
# Visual Studio 15
VisualStudioVersion = 15.0.28307.329
MinimumVisualStudioVersion = 10.0.40219.1
Project("{FAE04EC0-301F-11D3-BF4B-00C04F79EFBC}") = "Activity7.2", "Activity7.2\Activity7.2.csproj", "{3DD27134-52CE-461A-B9EC-81E8BA47497A}"
EndProject
Global
	GlobalSection(SolutionConfigurationPlatforms) = preSolution
		Debug|Any CPU = Debug|Any CPU
		Release|Any CPU = Release|Any CPU
	EndGlobalSection
	GlobalSection(ProjectConfigurationPlatforms) = postSolution
		{3DD27134-52CE-461A-B9EC-81E8BA47497A}.Debug|Any CPU.ActiveCfg = Debug|Any CPU
		{3DD27134-52CE-461A-B9EC-81E8BA47497A}.Debug|Any CPU.Build.0 = Debug|Any CPU
		{3DD27134-52CE-461A-B9EC-81E8BA47497A}.Release|Any CPU.ActiveCfg = Release|Any CPU
		{3DD27134-52CE-461A-B9EC-81E8BA47497A}.Release|Any CPU.Build.0 = Release|Any CPU
	EndGlobalSection
	GlobalSection(SolutionProperties) = preSolution
		HideSolutionNode = FALSE
	EndGlobalSection
	GlobalSection(ExtensibilityGlobals) = postSolution
		SolutionGuid = {A4AEF1A4-591B-42B0-B715-1A4F9125A428}
	EndGlobalSection
EndGlobal
